{
  "requires": true,
  "lockfileVersion": 1,
  "dependencies": {
    "@babel/runtime": {
      "version": "7.9.6",
      "resolved": "https://registry.npmjs.org/@babel/runtime/-/runtime-7.9.6.tgz",
      "integrity": "sha512-64AF1xY3OAkFHqOb9s4jpgk1Mm5vDZ4L3acHvAml+53nO1XbXLuDodsVpO4OIUsmemlUHMxNdYMNJmsvOwLrvQ==",
      "requires": {
        "regenerator-runtime": "^0.13.4"
      }
    },
    "@croquet/croquet": {
      "version": "0.2.7",
      "resolved": "https://registry.npmjs.org/@croquet/croquet/-/croquet-0.2.7.tgz",
      "integrity": "sha512-r9OLUkAgS7iMSIx/IhrUmaGY8h4PhYRhGWPBRGn4JXc7fEPnQIf73pm5ZeiPL0sSyaEjyMCLuLXCTSiz9PfssQ==",
      "requires": {
        "@babel/runtime": "^7.8.3",
        "fast-json-stable-stringify": "^2.0.0",
        "fastpriorityqueue": "^0.6.1",
        "pako": "^1.0.10",
        "seedrandom": "^2.4.4",
        "toastify-js": "^1.5.0"
      }
    },
    "fast-json-stable-stringify": {
      "version": "2.1.0",
      "resolved": "https://registry.npmjs.org/fast-json-stable-stringify/-/fast-json-stable-stringify-2.1.0.tgz",
      "integrity": "sha512-lhd/wF+Lk98HZoTCtlVraHtfh5XYijIjalXck7saUtuanSDyLMxnHhSXEDJqHxD7msR8D0uCmqlkwjCV8xvwHw=="
    },
    "fastpriorityqueue": {
      "version": "0.6.3",
      "resolved": "https://registry.npmjs.org/fastpriorityqueue/-/fastpriorityqueue-0.6.3.tgz",
      "integrity": "sha512-l4Whw9/MDkl/0XuqZEzGE/sw9T7dIxuUnxqq4ZJDLt8AE45j8wkx4/nBRZm50aQ9kN71NB9mwQzglLsvQGROsw=="
    },
    "pako": {
      "version": "1.0.11",
      "resolved": "https://registry.npmjs.org/pako/-/pako-1.0.11.tgz",
      "integrity": "sha512-4hLB8Py4zZce5s4yd9XzopqwVv/yGNhV1Bl8NTmCq1763HeK2+EwVTv+leGeL13Dnh2wfbqowVPXCIO0z4taYw=="
    },
    "regenerator-runtime": {
      "version": "0.13.5",
      "resolved": "https://registry.npmjs.org/regenerator-runtime/-/regenerator-runtime-0.13.5.tgz",
      "integrity": "sha512-ZS5w8CpKFinUzOwW3c83oPeVXoNsrLsaCoLtJvAClH135j/R77RuymhiSErhm2lKcwSCIpmvIWSbDkIfAqKQlA=="
    },
    "seedrandom": {
      "version": "2.4.4",
      "resolved": "https://registry.npmjs.org/seedrandom/-/seedrandom-2.4.4.tgz",
      "integrity": "sha512-9A+PDmgm+2du77B5i0Ip2cxOqqHjgNxnBgglxLcX78A2D6c2rTo61z4jnVABpF4cKeDMDG+cmXXvdnqse2VqMA=="
    },
    "toastify-js": {
      "version": "1.7.0",
      "resolved": "https://registry.npmjs.org/toastify-js/-/toastify-js-1.7.0.tgz",
      "integrity": "sha512-GmPy4zJ/ulCfmCHlfCtgcB+K2xhx2AXW3T/ZZOSjyjaIGevhz+uvR8HSCTay/wBq4tt2mUnBqlObP1sSWGlsnQ=="
    }
  }
}
